
Microsoft Visual Studio Solution File, Format Version 12.00
# Visual Studio Version 17
VisualStudioVersion = 17.0.31903.59
MinimumVisualStudioVersion = 10.0.40219.1
Project("{FAE04EC0-301F-11D3-BF4B-00C04F79EFBC}") = "${{values.name}}", "${{values.name}}\${{values.name}}.csproj", "{B133E81D-2432-4242-8CA7-75FE04DEE548}"
EndProject
Global
	GlobalSection(SolutionConfigurationPlatforms) = preSolution
		Debug|Any CPU = Debug|Any CPU
		Release|Any CPU = Release|Any CPU
	EndGlobalSection
	GlobalSection(ProjectConfigurationPlatforms) = postSolution
		{B133E81D-2432-4242-8CA7-75FE04DEE548}.Debug|Any CPU.ActiveCfg = Debug|Any CPU
		{B133E81D-2432-4242-8CA7-75FE04DEE548}.Debug|Any CPU.Build.0 = Debug|Any CPU
		{B133E81D-2432-4242-8CA7-75FE04DEE548}.Release|Any CPU.ActiveCfg = Release|Any CPU
		{B133E81D-2432-4242-8CA7-75FE04DEE548}.Release|Any CPU.Build.0 = Release|Any CPU
	EndGlobalSection
	GlobalSection(SolutionProperties) = preSolution
		HideSolutionNode = FALSE
	EndGlobalSection
	GlobalSection(NestedProjects) = preSolution
	EndGlobalSection
	GlobalSection(ExtensibilityGlobals) = postSolution
		SolutionGuid = {3CB609D9-5D54-4C11-A371-DAAC8B74E430}
	EndGlobalSection
EndGlobal
